// !$*UTF8*$!
{
	archiveVersion = 1;
	classes = {
	};
	objectVersion = 56;
	objects = {

/* Begin PBXBuildFile section */
		F40A74A32A930A0B00A14750 /* AppDelegate.swift in Sources */ = {isa = PBXBuildFile; fileRef = F40A74A22A930A0B00A14750 /* AppDelegate.swift */; };
		F40A74A52A930A0B00A14750 /* SceneDelegate.swift in Sources */ = {isa = PBXBuildFile; fileRef = F40A74A42A930A0B00A14750 /* SceneDelegate.swift */; };
		F40A74A72A930A0B00A14750 /* ViewController.swift in Sources */ = {isa = PBXBuildFile; fileRef = F40A74A62A930A0B00A14750 /* ViewController.swift */; };
		F40A74AC2A930A0B00A14750 /* Assets.xcassets in Resources */ = {isa = PBXBuildFile; fileRef = F40A74AB2A930A0B00A14750 /* Assets.xcassets */; };
		F40A74AF2A930A0B00A14750 /* LaunchScreen.storyboard in Resources */ = {isa = PBXBuildFile; fileRef = F40A74AD2A930A0B00A14750 /* LaunchScreen.storyboard */; };
		F428F7522A971CE800B909D4 /* CustomViewController.swift in Sources */ = {isa = PBXBuildFile; fileRef = F428F7512A971CE800B909D4 /* CustomViewController.swift */; };
		F428F7542A971EA700B909D4 /* BlackRadiusTextField.swift in Sources */ = {isa = PBXBuildFile; fileRef = F428F7532A971EA700B909D4 /* BlackRadiusTextField.swift */; };
		F428F7562A972A2700B909D4 /* CustomTableViewController.swift in Sources */ = {isa = PBXBuildFile; fileRef = F428F7552A972A2700B909D4 /* CustomTableViewController.swift */; };
		F428F75D2A97513B00B909D4 /* NetfilxViewController.swift in Sources */ = {isa = PBXBuildFile; fileRef = F428F75C2A97513B00B909D4 /* NetfilxViewController.swift */; };
		F428F75F2A97682300B909D4 /* NetflixTextField.swift in Sources */ = {isa = PBXBuildFile; fileRef = F428F75E2A97682300B909D4 /* NetflixTextField.swift */; };
		F428F7632A978AEE00B909D4 /* NetfilxLobbyViewController.swift in Sources */ = {isa = PBXBuildFile; fileRef = F428F7622A978AEE00B909D4 /* NetfilxLobbyViewController.swift */; };
		F44D9E142A965318007A1E9D /* MovieLocationViewController.swift in Sources */ = {isa = PBXBuildFile; fileRef = F44D9E132A965317007A1E9D /* MovieLocationViewController.swift */; };
		F44ED4402A982B0300484680 /* CustomTableViewCell.swift in Sources */ = {isa = PBXBuildFile; fileRef = F44ED43F2A982B0300484680 /* CustomTableViewCell.swift */; };
		F44ED4422A9840B900484680 /* PosterImageView.swift in Sources */ = {isa = PBXBuildFile; fileRef = F44ED4412A9840B900484680 /* PosterImageView.swift */; };
		F44ED4452A984B5400484680 /* OnboardingViewController.swift in Sources */ = {isa = PBXBuildFile; fileRef = F44ED4442A984B5400484680 /* OnboardingViewController.swift */; };
		F4576C062A9446700087993D /* SnapViewController.swift in Sources */ = {isa = PBXBuildFile; fileRef = F4576C052A9446700087993D /* SnapViewController.swift */; };
		F4576C082A945CB40087993D /* TextViewController.swift in Sources */ = {isa = PBXBuildFile; fileRef = F4576C072A945CB40087993D /* TextViewController.swift */; };
		F4576C0A2A94792E0087993D /* LocationViewController.swift in Sources */ = {isa = PBXBuildFile; fileRef = F4576C092A94792E0087993D /* LocationViewController.swift */; };
		F4576C0D2A94C2D20087993D /* EX1ViewController.swift in Sources */ = {isa = PBXBuildFile; fileRef = F4576C0C2A94C2D20087993D /* EX1ViewController.swift */; };
		F4576C0F2A94C2E70087993D /* EX2ViewController.swift in Sources */ = {isa = PBXBuildFile; fileRef = F4576C0E2A94C2E70087993D /* EX2ViewController.swift */; };
		F4A2E0962A96F11500F8D46A /* GenericViewController.swift in Sources */ = {isa = PBXBuildFile; fileRef = F4A2E0952A96F11500F8D46A /* GenericViewController.swift */; };
		F4A2E0982A96F13B00F8D46A /* Extension+UIViewController.swift in Sources */ = {isa = PBXBuildFile; fileRef = F4A2E0972A96F13B00F8D46A /* Extension+UIViewController.swift */; };
		F4A2E09D2A96FE7600F8D46A /* SnapKit in Frameworks */ = {isa = PBXBuildFile; productRef = F4A2E09C2A96FE7600F8D46A /* SnapKit */; };
		F4CB77AB2A9898A4002D4553 /* NetflixMovieImageView.swift in Sources */ = {isa = PBXBuildFile; fileRef = F4CB77AA2A9898A4002D4553 /* NetflixMovieImageView.swift */; };
/* End PBXBuildFile section */

/* Begin PBXBuildRule section */
		F428F74F2A97134300B909D4 /* PBXBuildRule */ = {
			isa = PBXBuildRule;
			compilerSpec = com.apple.compilers.proxy.script;
			fileType = pattern.proxy;
			inputFiles = (
			);
			isEditable = 1;
			outputFiles = (
			);
			script = "# Type a script or drag a script file from your workspace to insert its path.\n";
		};
/* End PBXBuildRule section */

/* Begin PBXFileReference section */
		F40A749F2A930A0B00A14750 /* SeSSACWeek6.app */ = {isa = PBXFileReference; explicitFileType = wrapper.application; includeInIndex = 0; path = SeSSACWeek6.app; sourceTree = BUILT_PRODUCTS_DIR; };
		F40A74A22A930A0B00A14750 /* AppDelegate.swift */ = {isa = PBXFileReference; lastKnownFileType = sourcecode.swift; path = AppDelegate.swift; sourceTree = "<group>"; };
		F40A74A42A930A0B00A14750 /* SceneDelegate.swift */ = {isa = PBXFileReference; lastKnownFileType = sourcecode.swift; path = SceneDelegate.swift; sourceTree = "<group>"; };
		F40A74A62A930A0B00A14750 /* ViewController.swift */ = {isa = PBXFileReference; lastKnownFileType = sourcecode.swift; path = ViewController.swift; sourceTree = "<group>"; };
		F40A74AB2A930A0B00A14750 /* Assets.xcassets */ = {isa = PBXFileReference; lastKnownFileType = folder.assetcatalog; path = Assets.xcassets; sourceTree = "<group>"; };
		F40A74AE2A930A0B00A14750 /* Base */ = {isa = PBXFileReference; lastKnownFileType = file.storyboard; name = Base; path = Base.lproj/LaunchScreen.storyboard; sourceTree = "<group>"; };
		F40A74B02A930A0B00A14750 /* Info.plist */ = {isa = PBXFileReference; lastKnownFileType = text.plist.xml; path = Info.plist; sourceTree = "<group>"; };
		F428F7512A971CE800B909D4 /* CustomViewController.swift */ = {isa = PBXFileReference; lastKnownFileType = sourcecode.swift; path = CustomViewController.swift; sourceTree = "<group>"; };
		F428F7532A971EA700B909D4 /* BlackRadiusTextField.swift */ = {isa = PBXFileReference; lastKnownFileType = sourcecode.swift; path = BlackRadiusTextField.swift; sourceTree = "<group>"; };
		F428F7552A972A2700B909D4 /* CustomTableViewController.swift */ = {isa = PBXFileReference; lastKnownFileType = sourcecode.swift; path = CustomTableViewController.swift; sourceTree = "<group>"; };
		F428F75C2A97513B00B909D4 /* NetfilxViewController.swift */ = {isa = PBXFileReference; lastKnownFileType = sourcecode.swift; path = NetfilxViewController.swift; sourceTree = "<group>"; };
		F428F75E2A97682300B909D4 /* NetflixTextField.swift */ = {isa = PBXFileReference; lastKnownFileType = sourcecode.swift; path = NetflixTextField.swift; sourceTree = "<group>"; };
		F428F7622A978AEE00B909D4 /* NetfilxLobbyViewController.swift */ = {isa = PBXFileReference; lastKnownFileType = sourcecode.swift; path = NetfilxLobbyViewController.swift; sourceTree = "<group>"; };
		F44D9E132A965317007A1E9D /* MovieLocationViewController.swift */ = {isa = PBXFileReference; lastKnownFileType = sourcecode.swift; path = MovieLocationViewController.swift; sourceTree = "<group>"; };
		F44ED43F2A982B0300484680 /* CustomTableViewCell.swift */ = {isa = PBXFileReference; lastKnownFileType = sourcecode.swift; path = CustomTableViewCell.swift; sourceTree = "<group>"; };
		F44ED4412A9840B900484680 /* PosterImageView.swift */ = {isa = PBXFileReference; lastKnownFileType = sourcecode.swift; path = PosterImageView.swift; sourceTree = "<group>"; };
		F44ED4442A984B5400484680 /* OnboardingViewController.swift */ = {isa = PBXFileReference; lastKnownFileType = sourcecode.swift; path = OnboardingViewController.swift; sourceTree = "<group>"; };
		F4576C052A9446700087993D /* SnapViewController.swift */ = {isa = PBXFileReference; lastKnownFileType = sourcecode.swift; path = SnapViewController.swift; sourceTree = "<group>"; };
		F4576C072A945CB40087993D /* TextViewController.swift */ = {isa = PBXFileReference; lastKnownFileType = sourcecode.swift; path = TextViewController.swift; sourceTree = "<group>"; };
		F4576C092A94792E0087993D /* LocationViewController.swift */ = {isa = PBXFileReference; lastKnownFileType = sourcecode.swift; path = LocationViewController.swift; sourceTree = "<group>"; };
		F4576C0C2A94C2D20087993D /* EX1ViewController.swift */ = {isa = PBXFileReference; lastKnownFileType = sourcecode.swift; path = EX1ViewController.swift; sourceTree = "<group>"; };
		F4576C0E2A94C2E70087993D /* EX2ViewController.swift */ = {isa = PBXFileReference; lastKnownFileType = sourcecode.swift; path = EX2ViewController.swift; sourceTree = "<group>"; };
		F4A2E0952A96F11500F8D46A /* GenericViewController.swift */ = {isa = PBXFileReference; lastKnownFileType = sourcecode.swift; path = GenericViewController.swift; sourceTree = "<group>"; };
		F4A2E0972A96F13B00F8D46A /* Extension+UIViewController.swift */ = {isa = PBXFileReference; lastKnownFileType = sourcecode.swift; path = "Extension+UIViewController.swift"; sourceTree = "<group>"; };
		F4CB77AA2A9898A4002D4553 /* NetflixMovieImageView.swift */ = {isa = PBXFileReference; lastKnownFileType = sourcecode.swift; path = NetflixMovieImageView.swift; sourceTree = "<group>"; };
/* End PBXFileReference section */

/* Begin PBXFrameworksBuildPhase section */
		F40A749C2A930A0B00A14750 /* Frameworks */ = {
			isa = PBXFrameworksBuildPhase;
			buildActionMask = 2147483647;
			files = (
				F4A2E09D2A96FE7600F8D46A /* SnapKit in Frameworks */,
			);
			runOnlyForDeploymentPostprocessing = 0;
		};
/* End PBXFrameworksBuildPhase section */

/* Begin PBXGroup section */
		F40A74962A930A0B00A14750 = {
			isa = PBXGroup;
			children = (
				F44ED4432A984B1300484680 /* Onboarding */,
				F428F75B2A97510300B909D4 /* NetfilxSnapkit */,
				F428F7502A971CAD00B909D4 /* CustomView */,
				F4A2E0942A96F0DE00F8D46A /* Generic */,
				F40A74A12A930A0B00A14750 /* SeSSACWeek6 */,
				F40A74A02A930A0B00A14750 /* Products */,
			);
			sourceTree = "<group>";
		};
		F40A74A02A930A0B00A14750 /* Products */ = {
			isa = PBXGroup;
			children = (
				F40A749F2A930A0B00A14750 /* SeSSACWeek6.app */,
			);
			name = Products;
			sourceTree = "<group>";
		};
		F40A74A12A930A0B00A14750 /* SeSSACWeek6 */ = {
			isa = PBXGroup;
			children = (
				F44D9E122A9652D7007A1E9D /* Location */,
				F4576C0B2A94C2BD0087993D /* Example */,
				F4576C042A9446470087993D /* Test */,
				F40A74A22A930A0B00A14750 /* AppDelegate.swift */,
				F40A74A42A930A0B00A14750 /* SceneDelegate.swift */,
				F40A74A62A930A0B00A14750 /* ViewController.swift */,
				F40A74AB2A930A0B00A14750 /* Assets.xcassets */,
				F40A74AD2A930A0B00A14750 /* LaunchScreen.storyboard */,
				F40A74B02A930A0B00A14750 /* Info.plist */,
				F4576C092A94792E0087993D /* LocationViewController.swift */,
			);
			path = SeSSACWeek6;
			sourceTree = "<group>";
		};
		F428F7502A971CAD00B909D4 /* CustomView */ = {
			isa = PBXGroup;
			children = (
				F428F7512A971CE800B909D4 /* CustomViewController.swift */,
				F428F7532A971EA700B909D4 /* BlackRadiusTextField.swift */,
				F428F7552A972A2700B909D4 /* CustomTableViewController.swift */,
				F44ED43F2A982B0300484680 /* CustomTableViewCell.swift */,
				F44ED4412A9840B900484680 /* PosterImageView.swift */,
			);
			path = CustomView;
			sourceTree = "<group>";
		};
		F428F75B2A97510300B909D4 /* NetfilxSnapkit */ = {
			isa = PBXGroup;
			children = (
				F428F75C2A97513B00B909D4 /* NetfilxViewController.swift */,
				F428F75E2A97682300B909D4 /* NetflixTextField.swift */,
				F428F7622A978AEE00B909D4 /* NetfilxLobbyViewController.swift */,
				F4CB77AA2A9898A4002D4553 /* NetflixMovieImageView.swift */,
			);
			path = NetfilxSnapkit;
			sourceTree = "<group>";
		};
		F44D9E122A9652D7007A1E9D /* Location */ = {
			isa = PBXGroup;
			children = (
				F44D9E132A965317007A1E9D /* MovieLocationViewController.swift */,
			);
			path = Location;
			sourceTree = "<group>";
		};
		F44ED4432A984B1300484680 /* Onboarding */ = {
			isa = PBXGroup;
			children = (
				F44ED4442A984B5400484680 /* OnboardingViewController.swift */,
			);
			path = Onboarding;
			sourceTree = "<group>";
		};
		F4576C042A9446470087993D /* Test */ = {
			isa = PBXGroup;
			children = (
				F4576C052A9446700087993D /* SnapViewController.swift */,
				F4576C072A945CB40087993D /* TextViewController.swift */,
			);
			path = Test;
			sourceTree = "<group>";
		};
		F4576C0B2A94C2BD0087993D /* Example */ = {
			isa = PBXGroup;
			children = (
				F4576C0C2A94C2D20087993D /* EX1ViewController.swift */,
				F4576C0E2A94C2E70087993D /* EX2ViewController.swift */,
			);
			path = Example;
			sourceTree = "<group>";
		};
		F4A2E0942A96F0DE00F8D46A /* Generic */ = {
			isa = PBXGroup;
			children = (
				F4A2E0952A96F11500F8D46A /* GenericViewController.swift */,
				F4A2E0972A96F13B00F8D46A /* Extension+UIViewController.swift */,
			);
			path = Generic;
			sourceTree = "<group>";
		};
/* End PBXGroup section */

/* Begin PBXNativeTarget section */
		F40A749E2A930A0B00A14750 /* SeSSACWeek6 */ = {
			isa = PBXNativeTarget;
			buildConfigurationList = F40A74B32A930A0B00A14750 /* Build configuration list for PBXNativeTarget "SeSSACWeek6" */;
			buildPhases = (
				F40A749B2A930A0B00A14750 /* Sources */,
				F40A749C2A930A0B00A14750 /* Frameworks */,
				F40A749D2A930A0B00A14750 /* Resources */,
			);
			buildRules = (
				F428F74F2A97134300B909D4 /* PBXBuildRule */,
			);
			dependencies = (
			);
			name = SeSSACWeek6;
			packageProductDependencies = (
				F4A2E09C2A96FE7600F8D46A /* SnapKit */,
			);
			productName = SeSSACWeek6;
			productReference = F40A749F2A930A0B00A14750 /* SeSSACWeek6.app */;
			productType = "com.apple.product-type.application";
		};
/* End PBXNativeTarget section */

/* Begin PBXProject section */
		F40A74972A930A0B00A14750 /* Project object */ = {
			isa = PBXProject;
			attributes = {
				BuildIndependentTargetsInParallel = 1;
				LastSwiftUpdateCheck = 1430;
				LastUpgradeCheck = 1430;
				TargetAttributes = {
					F40A749E2A930A0B00A14750 = {
						CreatedOnToolsVersion = 14.3.1;
					};
				};
			};
			buildConfigurationList = F40A749A2A930A0B00A14750 /* Build configuration list for PBXProject "SeSSACWeek6" */;
			compatibilityVersion = "Xcode 14.0";
			developmentRegion = en;
			hasScannedForEncodings = 0;
			knownRegions = (
				en,
				Base,
			);
			mainGroup = F40A74962A930A0B00A14750;
			packageReferences = (
				F4A2E09B2A96FE7600F8D46A /* XCRemoteSwiftPackageReference "SnapKit" */,
			);
			productRefGroup = F40A74A02A930A0B00A14750 /* Products */;
			projectDirPath = "";
			projectRoot = "";
			targets = (
				F40A749E2A930A0B00A14750 /* SeSSACWeek6 */,
			);
		};
/* End PBXProject section */

/* Begin PBXResourcesBuildPhase section */
		F40A749D2A930A0B00A14750 /* Resources */ = {
			isa = PBXResourcesBuildPhase;
			buildActionMask = 2147483647;
			files = (
				F40A74AF2A930A0B00A14750 /* LaunchScreen.storyboard in Resources */,
				F40A74AC2A930A0B00A14750 /* Assets.xcassets in Resources */,
			);
			runOnlyForDeploymentPostprocessing = 0;
		};
/* End PBXResourcesBuildPhase section */

/* Begin PBXSourcesBuildPhase section */
		F40A749B2A930A0B00A14750 /* Sources */ = {
			isa = PBXSourcesBuildPhase;
			buildActionMask = 2147483647;
			files = (
				F44ED4402A982B0300484680 /* CustomTableViewCell.swift in Sources */,
				F428F75D2A97513B00B909D4 /* NetfilxViewController.swift in Sources */,
				F4CB77AB2A9898A4002D4553 /* NetflixMovieImageView.swift in Sources */,
				F44ED4422A9840B900484680 /* PosterImageView.swift in Sources */,
				F4576C0F2A94C2E70087993D /* EX2ViewController.swift in Sources */,
				F44D9E142A965318007A1E9D /* MovieLocationViewController.swift in Sources */,
				F428F7542A971EA700B909D4 /* BlackRadiusTextField.swift in Sources */,
				F428F7632A978AEE00B909D4 /* NetfilxLobbyViewController.swift in Sources */,
				F44ED4452A984B5400484680 /* OnboardingViewController.swift in Sources */,
				F428F75F2A97682300B909D4 /* NetflixTextField.swift in Sources */,
				F4A2E0962A96F11500F8D46A /* GenericViewController.swift in Sources */,
				F428F7522A971CE800B909D4 /* CustomViewController.swift in Sources */,
				F4576C082A945CB40087993D /* TextViewController.swift in Sources */,
				F4576C062A9446700087993D /* SnapViewController.swift in Sources */,
				F40A74A72A930A0B00A14750 /* ViewController.swift in Sources */,
				F4576C0A2A94792E0087993D /* LocationViewController.swift in Sources */,
				F40A74A32A930A0B00A14750 /* AppDelegate.swift in Sources */,
				F4A2E0982A96F13B00F8D46A /* Extension+UIViewController.swift in Sources */,
				F40A74A52A930A0B00A14750 /* SceneDelegate.swift in Sources */,
				F428F7562A972A2700B909D4 /* CustomTableViewController.swift in Sources */,
				F4576C0D2A94C2D20087993D /* EX1ViewController.swift in Sources */,
			);
			runOnlyForDeploymentPostprocessing = 0;
		};
/* End PBXSourcesBuildPhase section */

/* Begin PBXVariantGroup section */
		F40A74AD2A930A0B00A14750 /* LaunchScreen.storyboard */ = {
			isa = PBXVariantGroup;
			children = (
				F40A74AE2A930A0B00A14750 /* Base */,
			);
			name = LaunchScreen.storyboard;
			sourceTree = "<group>";
		};
/* End PBXVariantGroup section */

/* Begin XCBuildConfiguration section */
		F40A74B12A930A0B00A14750 /* Debug */ = {
			isa = XCBuildConfiguration;
			buildSettings = {
				ALWAYS_SEARCH_USER_PATHS = NO;
				CLANG_ANALYZER_NONNULL = YES;
				CLANG_ANALYZER_NUMBER_OBJECT_CONVERSION = YES_AGGRESSIVE;
				CLANG_CXX_LANGUAGE_STANDARD = "gnu++20";
				CLANG_ENABLE_MODULES = YES;
				CLANG_ENABLE_OBJC_ARC = YES;
				CLANG_ENABLE_OBJC_WEAK = YES;
				CLANG_WARN_BLOCK_CAPTURE_AUTORELEASING = YES;
				CLANG_WARN_BOOL_CONVERSION = YES;
				CLANG_WARN_COMMA = YES;
				CLANG_WARN_CONSTANT_CONVERSION = YES;
				CLANG_WARN_DEPRECATED_OBJC_IMPLEMENTATIONS = YES;
				CLANG_WARN_DIRECT_OBJC_ISA_USAGE = YES_ERROR;
				CLANG_WARN_DOCUMENTATION_COMMENTS = YES;
				CLANG_WARN_EMPTY_BODY = YES;
				CLANG_WARN_ENUM_CONVERSION = YES;
				CLANG_WARN_INFINITE_RECURSION = YES;
				CLANG_WARN_INT_CONVERSION = YES;
				CLANG_WARN_NON_LITERAL_NULL_CONVERSION = YES;
				CLANG_WARN_OBJC_IMPLICIT_RETAIN_SELF = YES;
				CLANG_WARN_OBJC_LITERAL_CONVERSION = YES;
				CLANG_WARN_OBJC_ROOT_CLASS = YES_ERROR;
				CLANG_WARN_QUOTED_INCLUDE_IN_FRAMEWORK_HEADER = YES;
				CLANG_WARN_RANGE_LOOP_ANALYSIS = YES;
				CLANG_WARN_STRICT_PROTOTYPES = YES;
				CLANG_WARN_SUSPICIOUS_MOVE = YES;
				CLANG_WARN_UNGUARDED_AVAILABILITY = YES_AGGRESSIVE;
				CLANG_WARN_UNREACHABLE_CODE = YES;
				CLANG_WARN__DUPLICATE_METHOD_MATCH = YES;
				COPY_PHASE_STRIP = NO;
				DEBUG_INFORMATION_FORMAT = dwarf;
				ENABLE_STRICT_OBJC_MSGSEND = YES;
				ENABLE_TESTABILITY = YES;
				GCC_C_LANGUAGE_STANDARD = gnu11;
				GCC_DYNAMIC_NO_PIC = NO;
				GCC_NO_COMMON_BLOCKS = YES;
				GCC_OPTIMIZATION_LEVEL = 0;
				GCC_PREPROCESSOR_DEFINITIONS = (
					"DEBUG=1",
					"$(inherited)",
				);
				GCC_WARN_64_TO_32_BIT_CONVERSION = YES;
				GCC_WARN_ABOUT_RETURN_TYPE = YES_ERROR;
				GCC_WARN_UNDECLARED_SELECTOR = YES;
				GCC_WARN_UNINITIALIZED_AUTOS = YES_AGGRESSIVE;
				GCC_WARN_UNUSED_FUNCTION = YES;
				GCC_WARN_UNUSED_VARIABLE = YES;
				IPHONEOS_DEPLOYMENT_TARGET = 16.4;
				MTL_ENABLE_DEBUG_INFO = INCLUDE_SOURCE;
				MTL_FAST_MATH = YES;
				ONLY_ACTIVE_ARCH = YES;
				SDKROOT = iphoneos;
				SWIFT_ACTIVE_COMPILATION_CONDITIONS = DEBUG;
				SWIFT_OPTIMIZATION_LEVEL = "-Onone";
			};
			name = Debug;
		};
		F40A74B22A930A0B00A14750 /* Release */ = {
			isa = XCBuildConfiguration;
			buildSettings = {
				ALWAYS_SEARCH_USER_PATHS = NO;
				CLANG_ANALYZER_NONNULL = YES;
				CLANG_ANALYZER_NUMBER_OBJECT_CONVERSION = YES_AGGRESSIVE;
				CLANG_CXX_LANGUAGE_STANDARD = "gnu++20";
				CLANG_ENABLE_MODULES = YES;
				CLANG_ENABLE_OBJC_ARC = YES;
				CLANG_ENABLE_OBJC_WEAK = YES;
				CLANG_WARN_BLOCK_CAPTURE_AUTORELEASING = YES;
				CLANG_WARN_BOOL_CONVERSION = YES;
				CLANG_WARN_COMMA = YES;
				CLANG_WARN_CONSTANT_CONVERSION = YES;
				CLANG_WARN_DEPRECATED_OBJC_IMPLEMENTATIONS = YES;
				CLANG_WARN_DIRECT_OBJC_ISA_USAGE = YES_ERROR;
				CLANG_WARN_DOCUMENTATION_COMMENTS = YES;
				CLANG_WARN_EMPTY_BODY = YES;
				CLANG_WARN_ENUM_CONVERSION = YES;
				CLANG_WARN_INFINITE_RECURSION = YES;
				CLANG_WARN_INT_CONVERSION = YES;
				CLANG_WARN_NON_LITERAL_NULL_CONVERSION = YES;
				CLANG_WARN_OBJC_IMPLICIT_RETAIN_SELF = YES;
				CLANG_WARN_OBJC_LITERAL_CONVERSION = YES;
				CLANG_WARN_OBJC_ROOT_CLASS = YES_ERROR;
				CLANG_WARN_QUOTED_INCLUDE_IN_FRAMEWORK_HEADER = YES;
				CLANG_WARN_RANGE_LOOP_ANALYSIS = YES;
				CLANG_WARN_STRICT_PROTOTYPES = YES;
				CLANG_WARN_SUSPICIOUS_MOVE = YES;
				CLANG_WARN_UNGUARDED_AVAILABILITY = YES_AGGRESSIVE;
				CLANG_WARN_UNREACHABLE_CODE = YES;
				CLANG_WARN__DUPLICATE_METHOD_MATCH = YES;
				COPY_PHASE_STRIP = NO;
				DEBUG_INFORMATION_FORMAT = "dwarf-with-dsym";
				ENABLE_NS_ASSERTIONS = NO;
				ENABLE_STRICT_OBJC_MSGSEND = YES;
				GCC_C_LANGUAGE_STANDARD = gnu11;
				GCC_NO_COMMON_BLOCKS = YES;
				GCC_WARN_64_TO_32_BIT_CONVERSION = YES;
				GCC_WARN_ABOUT_RETURN_TYPE = YES_ERROR;
				GCC_WARN_UNDECLARED_SELECTOR = YES;
				GCC_WARN_UNINITIALIZED_AUTOS = YES_AGGRESSIVE;
				GCC_WARN_UNUSED_FUNCTION = YES;
				GCC_WARN_UNUSED_VARIABLE = YES;
				IPHONEOS_DEPLOYMENT_TARGET = 16.4;
				MTL_ENABLE_DEBUG_INFO = NO;
				MTL_FAST_MATH = YES;
				SDKROOT = iphoneos;
				SWIFT_COMPILATION_MODE = wholemodule;
				SWIFT_OPTIMIZATION_LEVEL = "-O";
				VALIDATE_PRODUCT = YES;
			};
			name = Release;
		};
		F40A74B42A930A0B00A14750 /* Debug */ = {
			isa = XCBuildConfiguration;
			buildSettings = {
				ASSETCATALOG_COMPILER_APPICON_NAME = AppIcon;
				ASSETCATALOG_COMPILER_GLOBAL_ACCENT_COLOR_NAME = AccentColor;
				CODE_SIGN_STYLE = Automatic;
				CURRENT_PROJECT_VERSION = 1;
				GENERATE_INFOPLIST_FILE = YES;
				INFOPLIST_FILE = SeSSACWeek6/Info.plist;
				INFOPLIST_KEY_NSCameraUsageDescription = "카메라 권한 요청 문구";
				INFOPLIST_KEY_NSLocationWhenInUseUsageDescription = "요청사유를 적는곳";
				INFOPLIST_KEY_UIApplicationSupportsIndirectInputEvents = YES;
				INFOPLIST_KEY_UILaunchStoryboardName = LaunchScreen;
				INFOPLIST_KEY_UISupportedInterfaceOrientations_iPad = "UIInterfaceOrientationPortrait UIInterfaceOrientationPortraitUpsideDown UIInterfaceOrientationLandscapeLeft UIInterfaceOrientationLandscapeRight";
				INFOPLIST_KEY_UISupportedInterfaceOrientations_iPhone = "UIInterfaceOrientationPortrait UIInterfaceOrientationLandscapeLeft UIInterfaceOrientationLandscapeRight";
				LD_RUNPATH_SEARCH_PATHS = (
					"$(inherited)",
					"@executable_path/Frameworks",
				);
				MARKETING_VERSION = 1.0;
				PRODUCT_BUNDLE_IDENTIFIER = "com.Jeong.SeSSACWeek6-31";
				PRODUCT_NAME = "$(TARGET_NAME)";
				SWIFT_EMIT_LOC_STRINGS = YES;
				SWIFT_VERSION = 5.0;
				TARGETED_DEVICE_FAMILY = "1,2";
			};
			name = Debug;
		};
		F40A74B52A930A0B00A14750 /* Release */ = {
			isa = XCBuildConfiguration;
			buildSettings = {
				ASSETCATALOG_COMPILER_APPICON_NAME = AppIcon;
				ASSETCATALOG_COMPILER_GLOBAL_ACCENT_COLOR_NAME = AccentColor;
				CODE_SIGN_STYLE = Automatic;
				CURRENT_PROJECT_VERSION = 1;
				GENERATE_INFOPLIST_FILE = YES;
				INFOPLIST_FILE = SeSSACWeek6/Info.plist;
				INFOPLIST_KEY_NSCameraUsageDescription = "카메라 권한 요청 문구";
				INFOPLIST_KEY_NSLocationWhenInUseUsageDescription = "요청사유를 적는곳";
				INFOPLIST_KEY_UIApplicationSupportsIndirectInputEvents = YES;
				INFOPLIST_KEY_UILaunchStoryboardName = LaunchScreen;
				INFOPLIST_KEY_UISupportedInterfaceOrientations_iPad = "UIInterfaceOrientationPortrait UIInterfaceOrientationPortraitUpsideDown UIInterfaceOrientationLandscapeLeft UIInterfaceOrientationLandscapeRight";
				INFOPLIST_KEY_UISupportedInterfaceOrientations_iPhone = "UIInterfaceOrientationPortrait UIInterfaceOrientationLandscapeLeft UIInterfaceOrientationLandscapeRight";
				LD_RUNPATH_SEARCH_PATHS = (
					"$(inherited)",
					"@executable_path/Frameworks",
				);
				MARKETING_VERSION = 1.0;
				PRODUCT_BUNDLE_IDENTIFIER = "com.Jeong.SeSSACWeek6-31";
				PRODUCT_NAME = "$(TARGET_NAME)";
				SWIFT_EMIT_LOC_STRINGS = YES;
				SWIFT_VERSION = 5.0;
				TARGETED_DEVICE_FAMILY = "1,2";
			};
			name = Release;
		};
/* End XCBuildConfiguration section */

/* Begin XCConfigurationList section */
		F40A749A2A930A0B00A14750 /* Build configuration list for PBXProject "SeSSACWeek6" */ = {
			isa = XCConfigurationList;
			buildConfigurations = (
				F40A74B12A930A0B00A14750 /* Debug */,
				F40A74B22A930A0B00A14750 /* Release */,
			);
			defaultConfigurationIsVisible = 0;
			defaultConfigurationName = Release;
		};
		F40A74B32A930A0B00A14750 /* Build configuration list for PBXNativeTarget "SeSSACWeek6" */ = {
			isa = XCConfigurationList;
			buildConfigurations = (
				F40A74B42A930A0B00A14750 /* Debug */,
				F40A74B52A930A0B00A14750 /* Release */,
			);
			defaultConfigurationIsVisible = 0;
			defaultConfigurationName = Release;
		};
/* End XCConfigurationList section */

/* Begin XCRemoteSwiftPackageReference section */
		F4A2E09B2A96FE7600F8D46A /* XCRemoteSwiftPackageReference "SnapKit" */ = {
			isa = XCRemoteSwiftPackageReference;
			repositoryURL = "https://github.com/SnapKit/SnapKit.git";
			requirement = {
				kind = upToNextMajorVersion;
				minimumVersion = 5.0.0;
			};
		};
/* End XCRemoteSwiftPackageReference section */

/* Begin XCSwiftPackageProductDependency section */
		F4A2E09C2A96FE7600F8D46A /* SnapKit */ = {
			isa = XCSwiftPackageProductDependency;
			package = F4A2E09B2A96FE7600F8D46A /* XCRemoteSwiftPackageReference "SnapKit" */;
			productName = SnapKit;
		};
/* End XCSwiftPackageProductDependency section */
	};
	rootObject = F40A74972A930A0B00A14750 /* Project object */;
}
